{
  "version": 4,
  "terraform_version": "1.6.4",
  "serial": 480,
  "lineage": "137194a6-d68d-4b3d-50e4-681aad085d21",
  "outputs": {},
  "resources": [
    {
      "mode": "managed",
      "type": "aws_amplify_app",
      "name": "wildrydes-site",
      "provider": "provider[\"registry.terraform.io/hashicorp/aws\"]",
      "instances": [
        {
          "schema_version": 0,
          "attributes": {
            "access_token": null,
            "arn": "arn:aws:amplify:ap-south-1:390755846846:apps/d29x6y6ea82rdy",
            "auto_branch_creation_config": [],
            "auto_branch_creation_patterns": null,
            "basic_auth_credentials": "",
            "build_spec": "version: 1\r\nfrontend:\r\n  phases:\r\n    build:\r\n      commands: []\r\n  artifacts:\r\n    baseDirectory: /\r\n    files:\r\n      - '**/*'\r\n  cache:\r\n    paths: []\r\n",
            "custom_headers": "",
            "custom_rule": [],
            "default_domain": "d29x6y6ea82rdy.amplifyapp.com",
            "description": "",
            "enable_auto_branch_creation": false,
            "enable_basic_auth": false,
            "enable_branch_auto_build": false,
            "enable_branch_auto_deletion": false,
            "environment_variables": null,
            "iam_service_role_arn": "arn:aws:iam::390755846846:role/amplify-codecommit-role",
            "id": "d29x6y6ea82rdy",
            "name": "wildrydes-site",
            "oauth_token": null,
            "platform": "WEB",
            "production_branch": [],
            "repository": "https://git-codecommit.ap-south-1.amazonaws.com/v1/repos/wildrydes-site",
            "tags": null,
            "tags_all": {}
          },
          "sensitive_attributes": [],
          "private": "bnVsbA==",
          "dependencies": [
            "aws_iam_role.amplify_codecommit_role"
          ]
        }
      ]
    },
    {
      "mode": "managed",
      "type": "aws_amplify_branch",
      "name": "main",
      "provider": "provider[\"registry.terraform.io/hashicorp/aws\"]",
      "instances": [
        {
          "schema_version": 0,
          "attributes": {
            "app_id": "d29x6y6ea82rdy",
            "arn": "arn:aws:amplify:ap-south-1:390755846846:apps/d29x6y6ea82rdy/branches/main",
            "associated_resources": [],
            "backend_environment_arn": "",
            "basic_auth_credentials": "",
            "branch_name": "main",
            "custom_domains": [],
            "description": "",
            "destination_branch": "",
            "display_name": "main",
            "enable_auto_build": true,
            "enable_basic_auth": false,
            "enable_notification": false,
            "enable_performance_mode": false,
            "enable_pull_request_preview": false,
            "environment_variables": null,
            "framework": "",
            "id": "d29x6y6ea82rdy/main",
            "pull_request_environment_name": "",
            "source_branch": "",
            "stage": "NONE",
            "tags": null,
            "tags_all": {},
            "ttl": "5"
          },
          "sensitive_attributes": [],
          "private": "bnVsbA==",
          "dependencies": [
            "aws_amplify_app.wildrydes-site",
            "aws_iam_role.amplify_codecommit_role"
          ]
        }
      ]
    },
    {
      "mode": "managed",
      "type": "aws_api_gateway_authorizer",
      "name": "Authorizer",
      "provider": "provider[\"registry.terraform.io/hashicorp/aws\"]",
      "instances": [
        {
          "schema_version": 0,
          "attributes": {
            "arn": "arn:aws:apigateway:ap-south-1::/restapis/tyygfqi3yf/authorizers/mfbt50",
            "authorizer_credentials": "",
            "authorizer_result_ttl_in_seconds": 300,
            "authorizer_uri": "",
            "id": "mfbt50",
            "identity_source": "method.request.header.Authorization",
            "identity_validation_expression": "",
            "name": "WildRydes",
            "provider_arns": [
              "arn:aws:cognito-idp:ap-south-1:390755846846:userpool/ap-south-1_dxHMCW5DN"
            ],
            "rest_api_id": "tyygfqi3yf",
            "type": "COGNITO_USER_POOLS"
          },
          "sensitive_attributes": [],
          "private": "bnVsbA==",
          "dependencies": [
            "aws_api_gateway_rest_api.WildRydes",
            "aws_cognito_user_pool.pool"
          ]
        }
      ]
    },
    {
      "mode": "managed",
      "type": "aws_api_gateway_deployment",
      "name": "api_dep",
      "provider": "provider[\"registry.terraform.io/hashicorp/aws\"]",
      "instances": [
        {
          "schema_version": 0,
          "attributes": {
            "created_date": "2024-03-17T17:29:41Z",
            "description": "",
            "execution_arn": "arn:aws:execute-api:ap-south-1:390755846846:tyygfqi3yf/",
            "id": "2njx43",
            "invoke_url": "https://tyygfqi3yf.execute-api.ap-south-1.amazonaws.com/",
            "rest_api_id": "tyygfqi3yf",
            "stage_description": null,
            "stage_name": null,
            "triggers": null,
            "variables": null
          },
          "sensitive_attributes": [],
          "private": "bnVsbA==",
          "dependencies": [
            "aws_api_gateway_authorizer.Authorizer",
            "aws_api_gateway_integration.post_method_integration",
            "aws_api_gateway_method.post_method",
            "aws_api_gateway_resource.ride",
            "aws_api_gateway_rest_api.WildRydes",
            "aws_cognito_user_pool.pool",
            "aws_iam_role.lambda_execution_role",
            "aws_lambda_function.wildrydes_lambda"
          ]
        }
      ]
    },
    {
      "mode": "managed",
      "type": "aws_api_gateway_integration",
      "name": "post_method_integration",
      "provider": "provider[\"registry.terraform.io/hashicorp/aws\"]",
      "instances": [
        {
          "schema_version": 0,
          "attributes": {
            "cache_key_parameters": null,
            "cache_namespace": "5lreoe",
            "connection_id": "",
            "connection_type": "INTERNET",
            "content_handling": "",
            "credentials": "",
            "http_method": "POST",
            "id": "agi-tyygfqi3yf-5lreoe-POST",
            "integration_http_method": "POST",
            "passthrough_behavior": "WHEN_NO_MATCH",
            "request_parameters": null,
            "request_templates": null,
            "resource_id": "5lreoe",
            "rest_api_id": "tyygfqi3yf",
            "timeout_milliseconds": 29000,
            "tls_config": [],
            "type": "AWS_PROXY",
            "uri": "arn:aws:apigateway:ap-south-1:lambda:path/2015-03-31/functions/arn:aws:lambda:ap-south-1:390755846846:function:RequestUnicorn/invocations"
          },
          "sensitive_attributes": [],
          "private": "bnVsbA==",
          "dependencies": [
            "aws_api_gateway_authorizer.Authorizer",
            "aws_api_gateway_method.post_method",
            "aws_api_gateway_resource.ride",
            "aws_api_gateway_rest_api.WildRydes",
            "aws_cognito_user_pool.pool",
            "aws_iam_role.lambda_execution_role",
            "aws_lambda_function.wildrydes_lambda"
          ]
        }
      ]
    },
    {
      "mode": "managed",
      "type": "aws_api_gateway_method",
      "name": "post_method",
      "provider": "provider[\"registry.terraform.io/hashicorp/aws\"]",
      "instances": [
        {
          "schema_version": 0,
          "attributes": {
            "api_key_required": false,
            "authorization": "COGNITO_USER_POOLS",
            "authorization_scopes": null,
            "authorizer_id": "mfbt50",
            "http_method": "POST",
            "id": "agm-tyygfqi3yf-5lreoe-POST",
            "operation_name": null,
            "request_models": null,
            "request_parameters": {
              "method.request.header.Authorization": true
            },
            "request_validator_id": null,
            "resource_id": "5lreoe",
            "rest_api_id": "tyygfqi3yf"
          },
          "sensitive_attributes": [],
          "private": "bnVsbA==",
          "dependencies": [
            "aws_api_gateway_authorizer.Authorizer",
            "aws_api_gateway_resource.ride",
            "aws_api_gateway_rest_api.WildRydes",
            "aws_cognito_user_pool.pool"
          ]
        }
      ]
    },
    {
      "mode": "managed",
      "type": "aws_api_gateway_method_response",
      "name": "post_method_response",
      "provider": "provider[\"registry.terraform.io/hashicorp/aws\"]",
      "instances": [
        {
          "schema_version": 0,
          "attributes": {
            "http_method": "POST",
            "id": "agmr-tyygfqi3yf-5lreoe-POST-200",
            "resource_id": "5lreoe",
            "response_models": null,
            "response_parameters": null,
            "rest_api_id": "tyygfqi3yf",
            "status_code": "200"
          },
          "sensitive_attributes": [],
          "private": "bnVsbA==",
          "dependencies": [
            "aws_api_gateway_authorizer.Authorizer",
            "aws_api_gateway_method.post_method",
            "aws_api_gateway_resource.ride",
            "aws_api_gateway_rest_api.WildRydes",
            "aws_cognito_user_pool.pool"
          ]
        }
      ]
    },
    {
      "mode": "managed",
      "type": "aws_api_gateway_resource",
      "name": "ride",
      "provider": "provider[\"registry.terraform.io/hashicorp/aws\"]",
      "instances": [
        {
          "schema_version": 0,
          "attributes": {
            "id": "5lreoe",
            "parent_id": "ywqe675v37",
            "path": "/ride",
            "path_part": "ride",
            "rest_api_id": "tyygfqi3yf"
          },
          "sensitive_attributes": [],
          "private": "bnVsbA==",
          "dependencies": [
            "aws_api_gateway_rest_api.WildRydes"
          ]
        }
      ]
    },
    {
      "mode": "managed",
      "type": "aws_api_gateway_rest_api",
      "name": "WildRydes",
      "provider": "provider[\"registry.terraform.io/hashicorp/aws\"]",
      "instances": [
        {
          "schema_version": 0,
          "attributes": {
            "api_key_source": "HEADER",
            "arn": "arn:aws:apigateway:ap-south-1::/restapis/tyygfqi3yf",
            "binary_media_types": [],
            "body": null,
            "created_date": "2024-03-17T17:29:26Z",
            "description": "",
            "disable_execute_api_endpoint": false,
            "endpoint_configuration": [
              {
                "types": [
                  "EDGE"
                ],
                "vpc_endpoint_ids": []
              }
            ],
            "execution_arn": "arn:aws:execute-api:ap-south-1:390755846846:tyygfqi3yf",
            "fail_on_warnings": null,
            "id": "tyygfqi3yf",
            "minimum_compression_size": "",
            "name": "WildRydes",
            "parameters": null,
            "policy": "",
            "put_rest_api_mode": null,
            "root_resource_id": "ywqe675v37",
            "tags": null,
            "tags_all": {}
          },
          "sensitive_attributes": [],
          "private": "bnVsbA=="
        }
      ]
    },
    {
      "mode": "managed",
      "type": "aws_api_gateway_stage",
      "name": "api_stage",
      "provider": "provider[\"registry.terraform.io/hashicorp/aws\"]",
      "instances": [
        {
          "schema_version": 0,
          "attributes": {
            "access_log_settings": [],
            "arn": "arn:aws:apigateway:ap-south-1::/restapis/tyygfqi3yf/stages/Prod",
            "cache_cluster_enabled": false,
            "cache_cluster_size": "",
            "canary_settings": [],
            "client_certificate_id": "",
            "deployment_id": "2njx43",
            "description": "",
            "documentation_version": "",
            "execution_arn": "arn:aws:execute-api:ap-south-1:390755846846:tyygfqi3yf/Prod",
            "id": "ags-tyygfqi3yf-Prod",
            "invoke_url": "https://tyygfqi3yf.execute-api.ap-south-1.amazonaws.com/Prod",
            "rest_api_id": "tyygfqi3yf",
            "stage_name": "Prod",
            "tags": null,
            "tags_all": {},
            "variables": null,
            "web_acl_arn": "",
            "xray_tracing_enabled": false
          },
          "sensitive_attributes": [],
          "private": "bnVsbA==",
          "dependencies": [
            "aws_api_gateway_authorizer.Authorizer",
            "aws_api_gateway_deployment.api_dep",
            "aws_api_gateway_integration.post_method_integration",
            "aws_api_gateway_method.post_method",
            "aws_api_gateway_resource.ride",
            "aws_api_gateway_rest_api.WildRydes",
            "aws_cognito_user_pool.pool",
            "aws_iam_role.lambda_execution_role",
            "aws_lambda_function.wildrydes_lambda"
          ]
        }
      ]
    },
    {
      "mode": "managed",
      "type": "aws_cognito_user_pool",
      "name": "pool",
      "provider": "provider[\"registry.terraform.io/hashicorp/aws\"]",
      "instances": [
        {
          "schema_version": 0,
          "attributes": {
            "account_recovery_setting": [
              {
                "recovery_mechanism": [
                  {
                    "name": "verified_email",
                    "priority": 1
                  }
                ]
              }
            ],
            "admin_create_user_config": [
              {
                "allow_admin_create_user_only": false,
                "invite_message_template": []
              }
            ],
            "alias_attributes": null,
            "arn": "arn:aws:cognito-idp:ap-south-1:390755846846:userpool/ap-south-1_dxHMCW5DN",
            "auto_verified_attributes": [
              "email"
            ],
            "creation_date": "2024-03-17T17:29:26Z",
            "custom_domain": "",
            "deletion_protection": "INACTIVE",
            "device_configuration": [],
            "domain": "",
            "email_configuration": [
              {
                "configuration_set": "",
                "email_sending_account": "COGNITO_DEFAULT",
                "from_email_address": "",
                "reply_to_email_address": "",
                "source_arn": ""
              }
            ],
            "email_verification_message": "Your verification code is {####}",
            "email_verification_subject": "Confirm your email to continue",
            "endpoint": "cognito-idp.ap-south-1.amazonaws.com/ap-south-1_dxHMCW5DN",
            "estimated_number_of_users": 0,
            "id": "ap-south-1_dxHMCW5DN",
            "lambda_config": [],
            "last_modified_date": "2024-03-17T17:29:26Z",
            "mfa_configuration": "OFF",
            "name": "WildRydes",
            "password_policy": [
              {
                "minimum_length": 8,
                "require_lowercase": true,
                "require_numbers": true,
                "require_symbols": true,
                "require_uppercase": true,
                "temporary_password_validity_days": 7
              }
            ],
            "schema": [],
            "sms_authentication_message": "",
            "sms_configuration": [],
            "sms_verification_message": "",
            "software_token_mfa_configuration": [],
            "tags": null,
            "tags_all": {},
            "user_attribute_update_settings": [],
            "user_pool_add_ons": [],
            "username_attributes": null,
            "username_configuration": [],
            "verification_message_template": [
              {
                "default_email_option": "CONFIRM_WITH_CODE",
                "email_message": "Your verification code is {####}",
                "email_message_by_link": "",
                "email_subject": "Confirm your email to continue",
                "email_subject_by_link": "",
                "sms_message": ""
              }
            ]
          },
          "sensitive_attributes": [],
          "private": "bnVsbA=="
        }
      ]
    },
    {
      "mode": "managed",
      "type": "aws_cognito_user_pool_client",
      "name": "WildRydesWebApp",
      "provider": "provider[\"registry.terraform.io/hashicorp/aws\"]",
      "instances": [
        {
          "schema_version": 0,
          "attributes": {
            "access_token_validity": 0,
            "allowed_oauth_flows": [],
            "allowed_oauth_flows_user_pool_client": false,
            "allowed_oauth_scopes": [],
            "analytics_configuration": [],
            "auth_session_validity": 3,
            "callback_urls": [],
            "client_secret": "",
            "default_redirect_uri": "",
            "enable_propagate_additional_user_context_data": false,
            "enable_token_revocation": true,
            "explicit_auth_flows": [],
            "generate_secret": false,
            "id": "59akcbjmj2fj0ipmkub6cqor9q",
            "id_token_validity": 0,
            "logout_urls": [],
            "name": "WildRydesWebApp",
            "prevent_user_existence_errors": "",
            "read_attributes": [],
            "refresh_token_validity": 30,
            "supported_identity_providers": [],
            "token_validity_units": [],
            "user_pool_id": "ap-south-1_dxHMCW5DN",
            "write_attributes": []
          },
          "sensitive_attributes": [],
          "dependencies": [
            "aws_cognito_user_pool.pool"
          ]
        }
      ]
    },
    {
      "mode": "managed",
      "type": "aws_dynamodb_table",
      "name": "Rides",
      "provider": "provider[\"registry.terraform.io/hashicorp/aws\"]",
      "instances": [
        {
          "schema_version": 1,
          "attributes": {
            "arn": "arn:aws:dynamodb:ap-south-1:390755846846:table/Rides",
            "attribute": [
              {
                "name": "RideId",
                "type": "S"
              }
            ],
            "billing_mode": "PROVISIONED",
            "deletion_protection_enabled": false,
            "global_secondary_index": [],
            "hash_key": "RideId",
            "id": "Rides",
            "import_table": [],
            "local_secondary_index": [],
            "name": "Rides",
            "point_in_time_recovery": [
              {
                "enabled": false
              }
            ],
            "range_key": null,
            "read_capacity": 5,
            "replica": [],
            "restore_date_time": null,
            "restore_source_name": null,
            "restore_to_latest_time": null,
            "server_side_encryption": [
              {
                "enabled": true,
                "kms_key_arn": ""
              }
            ],
            "stream_arn": "",
            "stream_enabled": false,
            "stream_label": "",
            "stream_view_type": "",
            "table_class": "STANDARD",
            "tags": {
              "Environment": "production",
              "Name": "dynamodb-table-1"
            },
            "tags_all": {
              "Environment": "production",
              "Name": "dynamodb-table-1"
            },
            "timeouts": null,
            "ttl": [
              {
                "attribute_name": "",
                "enabled": false
              }
            ],
            "write_capacity": 5
          },
          "sensitive_attributes": [],
          "private": "eyJlMmJmYjczMC1lY2FhLTExZTYtOGY4OC0zNDM2M2JjN2M0YzAiOnsiY3JlYXRlIjoxODAwMDAwMDAwMDAwLCJkZWxldGUiOjYwMDAwMDAwMDAwMCwidXBkYXRlIjozNjAwMDAwMDAwMDAwfSwic2NoZW1hX3ZlcnNpb24iOiIxIn0="
        }
      ]
    },
    {
      "mode": "managed",
      "type": "aws_iam_policy",
      "name": "amplify_codecommit",
      "provider": "provider[\"registry.terraform.io/hashicorp/aws\"]",
      "instances": [
        {
          "schema_version": 0,
          "attributes": {
            "arn": "arn:aws:iam::390755846846:policy/AmplifyCodeCommit",
            "description": "IAM policy for Amplify CodeCommit and CloudWatch Logs access",
            "id": "arn:aws:iam::390755846846:policy/AmplifyCodeCommit",
            "name": "AmplifyCodeCommit",
            "name_prefix": "",
            "path": "/",
            "policy": "{\"Statement\":[{\"Action\":[\"logs:CreateLogStream\",\"logs:PutLogEvents\"],\"Effect\":\"Allow\",\"Resource\":\"arn:aws:logs:ap-south-1:390755846846:log-group:/aws/amplify/*:log-stream:*\",\"Sid\":\"PushLogs\"},{\"Action\":\"logs:CreateLogGroup\",\"Effect\":\"Allow\",\"Resource\":\"arn:aws:logs:ap-south-1:390755846846:log-group:/aws/amplify/*\",\"Sid\":\"CreateLogGroup\"},{\"Action\":\"logs:DescribeLogGroups\",\"Effect\":\"Allow\",\"Resource\":\"arn:aws:logs:ap-south-1:390755846846:log-group:*\",\"Sid\":\"DescribeLogGroups\"},{\"Action\":[\"codecommit:GitPull\"],\"Effect\":\"Allow\",\"Resource\":[\"arn:aws:codecommit:ap-south-1:390755846846:wildrydes-site\"]}],\"Version\":\"2012-10-17\"}",
            "policy_id": "ANPAVV6W5BK7AO5KQ5H4I",
            "tags": null,
            "tags_all": {}
          },
          "sensitive_attributes": [],
          "private": "bnVsbA=="
        }
      ]
    },
    {
      "mode": "managed",
      "type": "aws_iam_policy",
      "name": "dynamodb_write_access_policy",
      "provider": "provider[\"registry.terraform.io/hashicorp/aws\"]",
      "instances": [
        {
          "schema_version": 0,
          "attributes": {
            "arn": "arn:aws:iam::390755846846:policy/DynamoDBWriteAccess",
            "description": "Policy for DynamoDB write access",
            "id": "arn:aws:iam::390755846846:policy/DynamoDBWriteAccess",
            "name": "DynamoDBWriteAccess",
            "name_prefix": "",
            "path": "/",
            "policy": "{\"Statement\":[{\"Action\":\"dynamodb:PutItem\",\"Effect\":\"Allow\",\"Resource\":\"arn:aws:dynamodb:ap-south-1:390755846846:table/Rides\"}],\"Version\":\"2012-10-17\"}",
            "policy_id": "ANPAVV6W5BK7FJ2OM7RXR",
            "tags": null,
            "tags_all": {}
          },
          "sensitive_attributes": [],
          "private": "bnVsbA=="
        }
      ]
    },
    {
      "mode": "managed",
      "type": "aws_iam_policy_attachment",
      "name": "amplify_codecommit_attachment",
      "provider": "provider[\"registry.terraform.io/hashicorp/aws\"]",
      "instances": [
        {
          "schema_version": 0,
          "attributes": {
            "groups": null,
            "id": "amplify-codecommit-attachment",
            "name": "amplify-codecommit-attachment",
            "policy_arn": "arn:aws:iam::390755846846:policy/AmplifyCodeCommit",
            "roles": [
              "amplify-codecommit-role"
            ],
            "users": null
          },
          "sensitive_attributes": [],
          "private": "bnVsbA==",
          "dependencies": [
            "aws_iam_policy.amplify_codecommit",
            "aws_iam_role.amplify_codecommit_role"
          ]
        }
      ]
    },
    {
      "mode": "managed",
      "type": "aws_iam_role",
      "name": "amplify_codecommit_role",
      "provider": "provider[\"registry.terraform.io/hashicorp/aws\"]",
      "instances": [
        {
          "schema_version": 0,
          "attributes": {
            "arn": "arn:aws:iam::390755846846:role/amplify-codecommit-role",
            "assume_role_policy": "{\"Statement\":[{\"Action\":\"sts:AssumeRole\",\"Effect\":\"Allow\",\"Principal\":{\"Service\":\"amplify.amazonaws.com\"}}],\"Version\":\"2012-10-17\"}",
            "create_date": "2024-03-17T17:29:26Z",
            "description": "",
            "force_detach_policies": false,
            "id": "amplify-codecommit-role",
            "inline_policy": [],
            "managed_policy_arns": [],
            "max_session_duration": 3600,
            "name": "amplify-codecommit-role",
            "name_prefix": "",
            "path": "/",
            "permissions_boundary": "",
            "tags": null,
            "tags_all": {},
            "unique_id": "AROAVV6W5BK7AJTID5WZY"
          },
          "sensitive_attributes": [],
          "private": "bnVsbA=="
        }
      ]
    },
    {
      "mode": "managed",
      "type": "aws_iam_role",
      "name": "lambda_execution_role",
      "provider": "provider[\"registry.terraform.io/hashicorp/aws\"]",
      "instances": [
        {
          "schema_version": 0,
          "attributes": {
            "arn": "arn:aws:iam::390755846846:role/WildRydesLambda",
            "assume_role_policy": "{\"Statement\":[{\"Action\":\"sts:AssumeRole\",\"Effect\":\"Allow\",\"Principal\":{\"Service\":\"lambda.amazonaws.com\"}}],\"Version\":\"2012-10-17\"}",
            "create_date": "2024-03-17T17:29:26Z",
            "description": "",
            "force_detach_policies": false,
            "id": "WildRydesLambda",
            "inline_policy": [],
            "managed_policy_arns": [],
            "max_session_duration": 3600,
            "name": "WildRydesLambda",
            "name_prefix": "",
            "path": "/",
            "permissions_boundary": "",
            "tags": null,
            "tags_all": {},
            "unique_id": "AROAVV6W5BK7M47BBY7PO"
          },
          "sensitive_attributes": [],
          "private": "bnVsbA=="
        }
      ]
    },
    {
      "mode": "managed",
      "type": "aws_iam_role_policy_attachment",
      "name": "attach_dynamodb_policy",
      "provider": "provider[\"registry.terraform.io/hashicorp/aws\"]",
      "instances": [
        {
          "schema_version": 0,
          "attributes": {
            "id": "WildRydesLambda-20240317172927812500000001",
            "policy_arn": "arn:aws:iam::390755846846:policy/DynamoDBWriteAccess",
            "role": "WildRydesLambda"
          },
          "sensitive_attributes": [],
          "private": "bnVsbA==",
          "dependencies": [
            "aws_iam_policy.dynamodb_write_access_policy",
            "aws_iam_role.lambda_execution_role"
          ]
        }
      ]
    },
    {
      "mode": "managed",
      "type": "aws_lambda_function",
      "name": "wildrydes_lambda",
      "provider": "provider[\"registry.terraform.io/hashicorp/aws\"]",
      "instances": [
        {
          "schema_version": 0,
          "attributes": {
            "architectures": [
              "x86_64"
            ],
            "arn": "arn:aws:lambda:ap-south-1:390755846846:function:RequestUnicorn",
            "code_signing_config_arn": "",
            "dead_letter_config": [],
            "description": "",
            "environment": [],
            "ephemeral_storage": [
              {
                "size": 512
              }
            ],
            "file_system_config": [],
            "filename": "lambda_function.zip",
            "function_name": "RequestUnicorn",
            "handler": "lambda_function.handler",
            "id": "RequestUnicorn",
            "image_config": [],
            "image_uri": "",
            "invoke_arn": "arn:aws:apigateway:ap-south-1:lambda:path/2015-03-31/functions/arn:aws:lambda:ap-south-1:390755846846:function:RequestUnicorn/invocations",
            "kms_key_arn": "",
            "last_modified": "2024-03-17T17:29:35.867+0000",
            "layers": null,
            "logging_config": [
              {
                "application_log_level": "",
                "log_format": "Text",
                "log_group": "/aws/lambda/RequestUnicorn",
                "system_log_level": ""
              }
            ],
            "memory_size": 128,
            "package_type": "Zip",
            "publish": false,
            "qualified_arn": "arn:aws:lambda:ap-south-1:390755846846:function:RequestUnicorn:$LATEST",
            "qualified_invoke_arn": "arn:aws:apigateway:ap-south-1:lambda:path/2015-03-31/functions/arn:aws:lambda:ap-south-1:390755846846:function:RequestUnicorn:$LATEST/invocations",
            "replace_security_groups_on_destroy": null,
            "replacement_security_group_ids": null,
            "reserved_concurrent_executions": -1,
            "role": "arn:aws:iam::390755846846:role/WildRydesLambda",
            "runtime": "nodejs16.x",
            "s3_bucket": null,
            "s3_key": null,
            "s3_object_version": null,
            "signing_job_arn": "",
            "signing_profile_version_arn": "",
            "skip_destroy": false,
            "snap_start": [],
            "source_code_hash": "bw///Ehb97OQ6VtCmgSb5vDJEyplECCn/Ik7LeKf6qI=",
            "source_code_size": 1688,
            "tags": null,
            "tags_all": {},
            "timeout": 3,
            "timeouts": null,
            "tracing_config": [
              {
                "mode": "PassThrough"
              }
            ],
            "version": "$LATEST",
            "vpc_config": []
          },
          "sensitive_attributes": [],
          "private": "eyJlMmJmYjczMC1lY2FhLTExZTYtOGY4OC0zNDM2M2JjN2M0YzAiOnsiY3JlYXRlIjo2MDAwMDAwMDAwMDAsImRlbGV0ZSI6NjAwMDAwMDAwMDAwLCJ1cGRhdGUiOjYwMDAwMDAwMDAwMH19",
          "dependencies": [
            "aws_iam_role.lambda_execution_role"
          ]
        }
      ]
    },
    {
      "mode": "managed",
      "type": "aws_lambda_permission",
      "name": "apigw_lambda",
      "provider": "provider[\"registry.terraform.io/hashicorp/aws\"]",
      "instances": [
        {
          "schema_version": 0,
          "attributes": {
            "action": "lambda:InvokeFunction",
            "event_source_token": null,
            "function_name": "RequestUnicorn",
            "function_url_auth_type": null,
            "id": "AllowExecutionFromAPIGateway",
            "principal": "apigateway.amazonaws.com",
            "principal_org_id": null,
            "qualifier": "",
            "source_account": null,
            "source_arn": "arn:aws:execute-api:ap-south-1:390755846846:tyygfqi3yf/*/POST/ride",
            "statement_id": "AllowExecutionFromAPIGateway",
            "statement_id_prefix": ""
          },
          "sensitive_attributes": [],
          "private": "bnVsbA==",
          "dependencies": [
            "aws_api_gateway_authorizer.Authorizer",
            "aws_api_gateway_method.post_method",
            "aws_api_gateway_resource.ride",
            "aws_api_gateway_rest_api.WildRydes",
            "aws_cognito_user_pool.pool",
            "aws_iam_role.lambda_execution_role",
            "aws_lambda_function.wildrydes_lambda"
          ]
        }
      ]
    },
    {
      "module": "module.api-gateway-enable-cors",
      "mode": "managed",
      "type": "aws_api_gateway_integration",
      "name": "_",
      "provider": "provider[\"registry.terraform.io/hashicorp/aws\"]",
      "instances": [
        {
          "schema_version": 0,
          "attributes": {
            "cache_key_parameters": null,
            "cache_namespace": "5lreoe",
            "connection_id": "",
            "connection_type": "INTERNET",
            "content_handling": "CONVERT_TO_TEXT",
            "credentials": "",
            "http_method": "OPTIONS",
            "id": "agi-tyygfqi3yf-5lreoe-OPTIONS",
            "integration_http_method": "",
            "passthrough_behavior": "WHEN_NO_MATCH",
            "request_parameters": null,
            "request_templates": {
              "application/json": "{ \"statusCode\": 200 }"
            },
            "resource_id": "5lreoe",
            "rest_api_id": "tyygfqi3yf",
            "timeout_milliseconds": 29000,
            "tls_config": [],
            "type": "MOCK",
            "uri": ""
          },
          "sensitive_attributes": [],
          "private": "bnVsbA==",
          "dependencies": [
            "aws_api_gateway_resource.ride",
            "aws_api_gateway_rest_api.WildRydes",
            "module.api-gateway-enable-cors.aws_api_gateway_method._"
          ]
        }
      ]
    },
    {
      "module": "module.api-gateway-enable-cors",
      "mode": "managed",
      "type": "aws_api_gateway_integration_response",
      "name": "_",
      "provider": "provider[\"registry.terraform.io/hashicorp/aws\"]",
      "instances": [
        {
          "schema_version": 0,
          "attributes": {
            "content_handling": "",
            "http_method": "OPTIONS",
            "id": "agir-tyygfqi3yf-5lreoe-OPTIONS-200",
            "resource_id": "5lreoe",
            "response_parameters": {
              "method.response.header.Access-Control-Allow-Headers": "'Authorization,Content-Type,X-Amz-Date,X-Amz-Security-Token,X-Api-Key'",
              "method.response.header.Access-Control-Allow-Methods": "'OPTIONS,HEAD,GET,POST,PUT,PATCH,DELETE'",
              "method.response.header.Access-Control-Allow-Origin": "'*'",
              "method.response.header.Access-Control-Max-Age": "'7200'"
            },
            "response_templates": null,
            "rest_api_id": "tyygfqi3yf",
            "selection_pattern": "",
            "status_code": "200"
          },
          "sensitive_attributes": [],
          "private": "bnVsbA==",
          "dependencies": [
            "aws_api_gateway_resource.ride",
            "aws_api_gateway_rest_api.WildRydes",
            "module.api-gateway-enable-cors.aws_api_gateway_integration._",
            "module.api-gateway-enable-cors.aws_api_gateway_method._",
            "module.api-gateway-enable-cors.aws_api_gateway_method_response._"
          ]
        }
      ]
    },
    {
      "module": "module.api-gateway-enable-cors",
      "mode": "managed",
      "type": "aws_api_gateway_method",
      "name": "_",
      "provider": "provider[\"registry.terraform.io/hashicorp/aws\"]",
      "instances": [
        {
          "schema_version": 0,
          "attributes": {
            "api_key_required": false,
            "authorization": "NONE",
            "authorization_scopes": null,
            "authorizer_id": null,
            "http_method": "OPTIONS",
            "id": "agm-tyygfqi3yf-5lreoe-OPTIONS",
            "operation_name": null,
            "request_models": null,
            "request_parameters": null,
            "request_validator_id": null,
            "resource_id": "5lreoe",
            "rest_api_id": "tyygfqi3yf"
          },
          "sensitive_attributes": [],
          "private": "bnVsbA==",
          "dependencies": [
            "aws_api_gateway_resource.ride",
            "aws_api_gateway_rest_api.WildRydes"
          ]
        }
      ]
    },
    {
      "module": "module.api-gateway-enable-cors",
      "mode": "managed",
      "type": "aws_api_gateway_method_response",
      "name": "_",
      "provider": "provider[\"registry.terraform.io/hashicorp/aws\"]",
      "instances": [
        {
          "schema_version": 0,
          "attributes": {
            "http_method": "OPTIONS",
            "id": "agmr-tyygfqi3yf-5lreoe-OPTIONS-200",
            "resource_id": "5lreoe",
            "response_models": {
              "application/json": "Empty"
            },
            "response_parameters": {
              "method.response.header.Access-Control-Allow-Headers": true,
              "method.response.header.Access-Control-Allow-Methods": true,
              "method.response.header.Access-Control-Allow-Origin": true,
              "method.response.header.Access-Control-Max-Age": true
            },
            "rest_api_id": "tyygfqi3yf",
            "status_code": "200"
          },
          "sensitive_attributes": [],
          "private": "bnVsbA==",
          "dependencies": [
            "aws_api_gateway_resource.ride",
            "aws_api_gateway_rest_api.WildRydes",
            "module.api-gateway-enable-cors.aws_api_gateway_method._"
          ]
        }
      ]
    }
  ],
  "check_results": null
}
